// !$*UTF8*$!
{
	archiveVersion = 1;
	classes = {
	};
	objectVersion = 48;
	objects = {

/* Begin PBXBuildFile section */
		3D1D8B25208F5AB1009D5FD5 /* ServiceManagement.framework in Frameworks */ = {isa = PBXBuildFile; fileRef = 3D1D8B24208F5AB1009D5FD5 /* ServiceManagement.framework */; };
		3D1F8FF91FF21F5700930AAD /* AppDelegate.m in Sources */ = {isa = PBXBuildFile; fileRef = 3D1F8FF81FF21F5700930AAD /* AppDelegate.m */; };
		3D1F8FFB1FF21F5700930AAD /* Assets.xcassets in Resources */ = {isa = PBXBuildFile; fileRef = 3D1F8FFA1FF21F5700930AAD /* Assets.xcassets */; };
		3D1F90011FF21F5700930AAD /* main.m in Sources */ = {isa = PBXBuildFile; fileRef = 3D1F90001FF21F5700930AAD /* main.m */; };
		3D59CF7A20413FA100BBE102 /* MVSDisplayState.m in Sources */ = {isa = PBXBuildFile; fileRef = 3D59CF7920413FA100BBE102 /* MVSDisplayState.m */; };
		3D6029BC208E15930099C924 /* AppDelegate.m in Sources */ = {isa = PBXBuildFile; fileRef = 3D6029BB208E15930099C924 /* AppDelegate.m */; };
		3D6029BE208E15930099C924 /* Assets.xcassets in Resources */ = {isa = PBXBuildFile; fileRef = 3D6029BD208E15930099C924 /* Assets.xcassets */; };
		3D6029C1208E15930099C924 /* MainMenu.xib in Resources */ = {isa = PBXBuildFile; fileRef = 3D6029BF208E15930099C924 /* MainMenu.xib */; };
		3D6029C4208E15930099C924 /* main.m in Sources */ = {isa = PBXBuildFile; fileRef = 3D6029C3208E15930099C924 /* main.m */; };
		3D6029CA208E16290099C924 /* MovseHelper.app in CopyFiles */ = {isa = PBXBuildFile; fileRef = 3D6029B8208E15930099C924 /* MovseHelper.app */; settings = {ATTRIBUTES = (RemoveHeadersOnCopy, ); }; };
		3D7560FF20628DE90032C077 /* NSView+DrawString.m in Sources */ = {isa = PBXBuildFile; fileRef = 3D7560FE20628DE90032C077 /* NSView+DrawString.m */; };
		3D7561012064DAF30032C077 /* LICENSE in Resources */ = {isa = PBXBuildFile; fileRef = 3D7561002064DAF30032C077 /* LICENSE */; };
		3D977D27202403E00001E0BF /* DisplayArrangementView.m in Sources */ = {isa = PBXBuildFile; fileRef = 3D977D26202403E00001E0BF /* DisplayArrangementView.m */; };
		3DD8558020316C9A00D44DFF /* Constants.m in Sources */ = {isa = PBXBuildFile; fileRef = 3DD8557F20316C9A00D44DFF /* Constants.m */; };
		3DF1572720216CFB0086BD82 /* StatusBarController.m in Sources */ = {isa = PBXBuildFile; fileRef = 3DF1572620216CFB0086BD82 /* StatusBarController.m */; };
		3DF1572F2021BAAF0086BD82 /* PreferenceController.m in Sources */ = {isa = PBXBuildFile; fileRef = 3DF1572E2021BAAF0086BD82 /* PreferenceController.m */; };
		3DF157312021C2940086BD82 /* Preferences.xib in Resources */ = {isa = PBXBuildFile; fileRef = 3DF157302021C2940086BD82 /* Preferences.xib */; };
		3DF157342021EB420086BD82 /* CoreGraphics.framework in Frameworks */ = {isa = PBXBuildFile; fileRef = 3DF157332021EB420086BD82 /* CoreGraphics.framework */; };
		3DF157372021EF9B0086BD82 /* MainMenu.xib in Resources */ = {isa = PBXBuildFile; fileRef = 3DF157352021EF9B0086BD82 /* MainMenu.xib */; };
		3DF6DD762061E907002CE8D9 /* MVSDrawingWindow.m in Sources */ = {isa = PBXBuildFile; fileRef = 3DF6DD752061E907002CE8D9 /* MVSDrawingWindow.m */; };
		3DF6DD892062709E002CE8D9 /* MVSCenter.m in Sources */ = {isa = PBXBuildFile; fileRef = 3DF6DD882062709E002CE8D9 /* MVSCenter.m */; };
		3DF6DD92206286BE002CE8D9 /* MVSMouseCatcherView.m in Sources */ = {isa = PBXBuildFile; fileRef = 3DF6DD91206286BE002CE8D9 /* MVSMouseCatcherView.m */; };
		A69EAEA0352D284FA525F004 /* Pods_Movse.framework in Frameworks */ = {isa = PBXBuildFile; fileRef = 790BB692F73DC3C0C58C7A94 /* Pods_Movse.framework */; };
/* End PBXBuildFile section */

/* Begin PBXCopyFilesBuildPhase section */
		3D6029C9208E16070099C924 /* CopyFiles */ = {
			isa = PBXCopyFilesBuildPhase;
			buildActionMask = 2147483647;
			dstPath = Contents/Library/LoginItems;
			dstSubfolderSpec = 1;
			files = (
				3D6029CA208E16290099C924 /* MovseHelper.app in CopyFiles */,
			);
			runOnlyForDeploymentPostprocessing = 0;
		};
/* End PBXCopyFilesBuildPhase section */

/* Begin PBXFileReference section */
		2B5E48DB78E3BE99523F0A37 /* Pods-Movse.debug.xcconfig */ = {isa = PBXFileReference; includeInIndex = 1; lastKnownFileType = text.xcconfig; name = "Pods-Movse.debug.xcconfig"; path = "Pods/Target Support Files/Pods-Movse/Pods-Movse.debug.xcconfig"; sourceTree = "<group>"; };
		3D1D8B24208F5AB1009D5FD5 /* ServiceManagement.framework */ = {isa = PBXFileReference; lastKnownFileType = wrapper.framework; name = ServiceManagement.framework; path = System/Library/Frameworks/ServiceManagement.framework; sourceTree = SDKROOT; };
		3D1F8FF41FF21F5700930AAD /* Movse.app */ = {isa = PBXFileReference; explicitFileType = wrapper.application; includeInIndex = 0; path = Movse.app; sourceTree = BUILT_PRODUCTS_DIR; };
		3D1F8FF71FF21F5700930AAD /* AppDelegate.h */ = {isa = PBXFileReference; lastKnownFileType = sourcecode.c.h; path = AppDelegate.h; sourceTree = "<group>"; };
		3D1F8FF81FF21F5700930AAD /* AppDelegate.m */ = {isa = PBXFileReference; lastKnownFileType = sourcecode.c.objc; path = AppDelegate.m; sourceTree = "<group>"; };
		3D1F8FFA1FF21F5700930AAD /* Assets.xcassets */ = {isa = PBXFileReference; lastKnownFileType = folder.assetcatalog; path = Assets.xcassets; sourceTree = "<group>"; };
		3D1F8FFF1FF21F5700930AAD /* Info.plist */ = {isa = PBXFileReference; lastKnownFileType = text.plist.xml; path = Info.plist; sourceTree = "<group>"; };
		3D1F90001FF21F5700930AAD /* main.m */ = {isa = PBXFileReference; lastKnownFileType = sourcecode.c.objc; path = main.m; sourceTree = "<group>"; };
		3D1F90021FF21F5700930AAD /* Movse.entitlements */ = {isa = PBXFileReference; lastKnownFileType = text.plist.entitlements; path = Movse.entitlements; sourceTree = "<group>"; };
		3D59CF7820413FA100BBE102 /* MVSDisplayState.h */ = {isa = PBXFileReference; lastKnownFileType = sourcecode.c.h; path = MVSDisplayState.h; sourceTree = "<group>"; };
		3D59CF7920413FA100BBE102 /* MVSDisplayState.m */ = {isa = PBXFileReference; lastKnownFileType = sourcecode.c.objc; path = MVSDisplayState.m; sourceTree = "<group>"; };
		3D6029B8208E15930099C924 /* MovseHelper.app */ = {isa = PBXFileReference; explicitFileType = wrapper.application; includeInIndex = 0; path = MovseHelper.app; sourceTree = BUILT_PRODUCTS_DIR; };
		3D6029BA208E15930099C924 /* AppDelegate.h */ = {isa = PBXFileReference; lastKnownFileType = sourcecode.c.h; path = AppDelegate.h; sourceTree = "<group>"; };
		3D6029BB208E15930099C924 /* AppDelegate.m */ = {isa = PBXFileReference; lastKnownFileType = sourcecode.c.objc; path = AppDelegate.m; sourceTree = "<group>"; };
		3D6029BD208E15930099C924 /* Assets.xcassets */ = {isa = PBXFileReference; lastKnownFileType = folder.assetcatalog; path = Assets.xcassets; sourceTree = "<group>"; };
		3D6029C0208E15930099C924 /* Base */ = {isa = PBXFileReference; lastKnownFileType = file.xib; name = Base; path = Base.lproj/MainMenu.xib; sourceTree = "<group>"; };
		3D6029C2208E15930099C924 /* Info.plist */ = {isa = PBXFileReference; lastKnownFileType = text.plist.xml; path = Info.plist; sourceTree = "<group>"; };
		3D6029C3208E15930099C924 /* main.m */ = {isa = PBXFileReference; lastKnownFileType = sourcecode.c.objc; path = main.m; sourceTree = "<group>"; };
		3D6029C5208E15930099C924 /* MovseHelper.entitlements */ = {isa = PBXFileReference; lastKnownFileType = text.plist.entitlements; path = MovseHelper.entitlements; sourceTree = "<group>"; };
		3D7560FD20628DE90032C077 /* NSView+DrawString.h */ = {isa = PBXFileReference; lastKnownFileType = sourcecode.c.h; path = "NSView+DrawString.h"; sourceTree = "<group>"; };
		3D7560FE20628DE90032C077 /* NSView+DrawString.m */ = {isa = PBXFileReference; lastKnownFileType = sourcecode.c.objc; path = "NSView+DrawString.m"; sourceTree = "<group>"; };
		3D7561002064DAF30032C077 /* LICENSE */ = {isa = PBXFileReference; lastKnownFileType = text; path = LICENSE; sourceTree = "<group>"; };
		3D977D25202403E00001E0BF /* DisplayArrangementView.h */ = {isa = PBXFileReference; lastKnownFileType = sourcecode.c.h; path = DisplayArrangementView.h; sourceTree = "<group>"; };
		3D977D26202403E00001E0BF /* DisplayArrangementView.m */ = {isa = PBXFileReference; lastKnownFileType = sourcecode.c.objc; path = DisplayArrangementView.m; sourceTree = "<group>"; };
		3DD8557E20316C9A00D44DFF /* Constants.h */ = {isa = PBXFileReference; lastKnownFileType = sourcecode.c.h; path = Constants.h; sourceTree = "<group>"; };
		3DD8557F20316C9A00D44DFF /* Constants.m */ = {isa = PBXFileReference; lastKnownFileType = sourcecode.c.objc; path = Constants.m; sourceTree = "<group>"; };
		3DF1572520216CFB0086BD82 /* StatusBarController.h */ = {isa = PBXFileReference; lastKnownFileType = sourcecode.c.h; path = StatusBarController.h; sourceTree = "<group>"; };
		3DF1572620216CFB0086BD82 /* StatusBarController.m */ = {isa = PBXFileReference; lastKnownFileType = sourcecode.c.objc; path = StatusBarController.m; sourceTree = "<group>"; };
		3DF1572D2021BAAF0086BD82 /* PreferenceController.h */ = {isa = PBXFileReference; lastKnownFileType = sourcecode.c.h; path = PreferenceController.h; sourceTree = "<group>"; };
		3DF1572E2021BAAF0086BD82 /* PreferenceController.m */ = {isa = PBXFileReference; lastKnownFileType = sourcecode.c.objc; path = PreferenceController.m; sourceTree = "<group>"; };
		3DF157302021C2940086BD82 /* Preferences.xib */ = {isa = PBXFileReference; lastKnownFileType = file.xib; path = Preferences.xib; sourceTree = "<group>"; };
		3DF157332021EB420086BD82 /* CoreGraphics.framework */ = {isa = PBXFileReference; lastKnownFileType = wrapper.framework; name = CoreGraphics.framework; path = System/Library/Frameworks/CoreGraphics.framework; sourceTree = SDKROOT; };
		3DF157362021EF9B0086BD82 /* Base */ = {isa = PBXFileReference; lastKnownFileType = file.xib; name = Base; path = Base.lproj/MainMenu.xib; sourceTree = "<group>"; };
		3DF6DD742061E907002CE8D9 /* MVSDrawingWindow.h */ = {isa = PBXFileReference; lastKnownFileType = sourcecode.c.h; path = MVSDrawingWindow.h; sourceTree = "<group>"; };
		3DF6DD752061E907002CE8D9 /* MVSDrawingWindow.m */ = {isa = PBXFileReference; lastKnownFileType = sourcecode.c.objc; path = MVSDrawingWindow.m; sourceTree = "<group>"; };
		3DF6DD802061EADE002CE8D9 /* Movse-Prefix.pch */ = {isa = PBXFileReference; lastKnownFileType = sourcecode.c.h; path = "Movse-Prefix.pch"; sourceTree = "<group>"; };
		3DF6DD872062709E002CE8D9 /* MVSCenter.h */ = {isa = PBXFileReference; lastKnownFileType = sourcecode.c.h; path = MVSCenter.h; sourceTree = "<group>"; };
		3DF6DD882062709E002CE8D9 /* MVSCenter.m */ = {isa = PBXFileReference; lastKnownFileType = sourcecode.c.objc; path = MVSCenter.m; sourceTree = "<group>"; };
		3DF6DD90206286BE002CE8D9 /* MVSMouseCatcherView.h */ = {isa = PBXFileReference; lastKnownFileType = sourcecode.c.h; path = MVSMouseCatcherView.h; sourceTree = "<group>"; };
		3DF6DD91206286BE002CE8D9 /* MVSMouseCatcherView.m */ = {isa = PBXFileReference; lastKnownFileType = sourcecode.c.objc; path = MVSMouseCatcherView.m; sourceTree = "<group>"; };
		41E74CA8FE23564649FEBA44 /* Pods-Movse.release.xcconfig */ = {isa = PBXFileReference; includeInIndex = 1; lastKnownFileType = text.xcconfig; name = "Pods-Movse.release.xcconfig"; path = "Pods/Target Support Files/Pods-Movse/Pods-Movse.release.xcconfig"; sourceTree = "<group>"; };
		790BB692F73DC3C0C58C7A94 /* Pods_Movse.framework */ = {isa = PBXFileReference; explicitFileType = wrapper.framework; includeInIndex = 0; path = Pods_Movse.framework; sourceTree = BUILT_PRODUCTS_DIR; };
/* End PBXFileReference section */

/* Begin PBXFrameworksBuildPhase section */
		3D1F8FF11FF21F5700930AAD /* Frameworks */ = {
			isa = PBXFrameworksBuildPhase;
			buildActionMask = 2147483647;
			files = (
				3D1D8B25208F5AB1009D5FD5 /* ServiceManagement.framework in Frameworks */,
				3DF157342021EB420086BD82 /* CoreGraphics.framework in Frameworks */,
				A69EAEA0352D284FA525F004 /* Pods_Movse.framework in Frameworks */,
			);
			runOnlyForDeploymentPostprocessing = 0;
		};
		3D6029B5208E15930099C924 /* Frameworks */ = {
			isa = PBXFrameworksBuildPhase;
			buildActionMask = 2147483647;
			files = (
			);
			runOnlyForDeploymentPostprocessing = 0;
		};
/* End PBXFrameworksBuildPhase section */

/* Begin PBXGroup section */
		3D1F8FEB1FF21F5700930AAD = {
			isa = PBXGroup;
			children = (
				3D7561002064DAF30032C077 /* LICENSE */,
				3D1F8FF61FF21F5700930AAD /* Movse */,
				3D6029B9208E15930099C924 /* MovseHelper */,
				3D1F8FF51FF21F5700930AAD /* Products */,
				3DF157322021EB420086BD82 /* Frameworks */,
				9BEADA3B0CE704CCEE69A4C2 /* Pods */,
			);
			sourceTree = "<group>";
		};
		3D1F8FF51FF21F5700930AAD /* Products */ = {
			isa = PBXGroup;
			children = (
				3D1F8FF41FF21F5700930AAD /* Movse.app */,
				3D6029B8208E15930099C924 /* MovseHelper.app */,
			);
			name = Products;
			sourceTree = "<group>";
		};
		3D1F8FF61FF21F5700930AAD /* Movse */ = {
			isa = PBXGroup;
			children = (
				3D1F90021FF21F5700930AAD /* Movse.entitlements */,
				3DF6DD7A2061E922002CE8D9 /* Classes */,
				3DF6DD7B2061E929002CE8D9 /* Resource */,
			);
			path = Movse;
			sourceTree = "<group>";
		};
		3D6029B9208E15930099C924 /* MovseHelper */ = {
			isa = PBXGroup;
			children = (
				3D6029BA208E15930099C924 /* AppDelegate.h */,
				3D6029BB208E15930099C924 /* AppDelegate.m */,
				3D6029BD208E15930099C924 /* Assets.xcassets */,
				3D6029BF208E15930099C924 /* MainMenu.xib */,
				3D6029C2208E15930099C924 /* Info.plist */,
				3D6029C3208E15930099C924 /* main.m */,
				3D6029C5208E15930099C924 /* MovseHelper.entitlements */,
			);
			path = MovseHelper;
			sourceTree = "<group>";
		};
		3D7560FC20628D610032C077 /* Utility */ = {
			isa = PBXGroup;
			children = (
				3D7560FD20628DE90032C077 /* NSView+DrawString.h */,
				3D7560FE20628DE90032C077 /* NSView+DrawString.m */,
			);
			path = Utility;
			sourceTree = "<group>";
		};
		3DF157322021EB420086BD82 /* Frameworks */ = {
			isa = PBXGroup;
			children = (
				3D1D8B24208F5AB1009D5FD5 /* ServiceManagement.framework */,
				3DF157332021EB420086BD82 /* CoreGraphics.framework */,
				790BB692F73DC3C0C58C7A94 /* Pods_Movse.framework */,
			);
			name = Frameworks;
			sourceTree = "<group>";
		};
		3DF6DD7A2061E922002CE8D9 /* Classes */ = {
			isa = PBXGroup;
			children = (
				3D1F8FF71FF21F5700930AAD /* AppDelegate.h */,
				3D1F8FF81FF21F5700930AAD /* AppDelegate.m */,
				3D1F90001FF21F5700930AAD /* main.m */,
				3DF6DD7E2061EA0F002CE8D9 /* Manager */,
				3DF6DD7D2061E9FE002CE8D9 /* Controller */,
				3DF6DD7C2061E9F1002CE8D9 /* View */,
				3DF6DD7F2061EA2C002CE8D9 /* Define */,
				3D7560FC20628D610032C077 /* Utility */,
			);
			path = Classes;
			sourceTree = "<group>";
		};
		3DF6DD7B2061E929002CE8D9 /* Resource */ = {
			isa = PBXGroup;
			children = (
				3DF157352021EF9B0086BD82 /* MainMenu.xib */,
				3DF157302021C2940086BD82 /* Preferences.xib */,
				3D1F8FFA1FF21F5700930AAD /* Assets.xcassets */,
				3D1F8FFF1FF21F5700930AAD /* Info.plist */,
				3DF6DD802061EADE002CE8D9 /* Movse-Prefix.pch */,
			);
			path = Resource;
			sourceTree = "<group>";
		};
		3DF6DD7C2061E9F1002CE8D9 /* View */ = {
			isa = PBXGroup;
			children = (
				3D977D25202403E00001E0BF /* DisplayArrangementView.h */,
				3D977D26202403E00001E0BF /* DisplayArrangementView.m */,
				3DF6DD742061E907002CE8D9 /* MVSDrawingWindow.h */,
				3DF6DD752061E907002CE8D9 /* MVSDrawingWindow.m */,
				3DF6DD90206286BE002CE8D9 /* MVSMouseCatcherView.h */,
				3DF6DD91206286BE002CE8D9 /* MVSMouseCatcherView.m */,
			);
			path = View;
			sourceTree = "<group>";
		};
		3DF6DD7D2061E9FE002CE8D9 /* Controller */ = {
			isa = PBXGroup;
			children = (
				3DF1572D2021BAAF0086BD82 /* PreferenceController.h */,
				3DF1572E2021BAAF0086BD82 /* PreferenceController.m */,
				3DF1572520216CFB0086BD82 /* StatusBarController.h */,
				3DF1572620216CFB0086BD82 /* StatusBarController.m */,
			);
			path = Controller;
			sourceTree = "<group>";
		};
		3DF6DD7E2061EA0F002CE8D9 /* Manager */ = {
			isa = PBXGroup;
			children = (
				3D59CF7820413FA100BBE102 /* MVSDisplayState.h */,
				3D59CF7920413FA100BBE102 /* MVSDisplayState.m */,
				3DF6DD872062709E002CE8D9 /* MVSCenter.h */,
				3DF6DD882062709E002CE8D9 /* MVSCenter.m */,
			);
			path = Manager;
			sourceTree = "<group>";
		};
		3DF6DD7F2061EA2C002CE8D9 /* Define */ = {
			isa = PBXGroup;
			children = (
				3DD8557E20316C9A00D44DFF /* Constants.h */,
				3DD8557F20316C9A00D44DFF /* Constants.m */,
			);
			path = Define;
			sourceTree = "<group>";
		};
		9BEADA3B0CE704CCEE69A4C2 /* Pods */ = {
			isa = PBXGroup;
			children = (
				2B5E48DB78E3BE99523F0A37 /* Pods-Movse.debug.xcconfig */,
				41E74CA8FE23564649FEBA44 /* Pods-Movse.release.xcconfig */,
			);
			name = Pods;
			sourceTree = "<group>";
		};
/* End PBXGroup section */

/* Begin PBXNativeTarget section */
		3D1F8FF31FF21F5700930AAD /* Movse */ = {
			isa = PBXNativeTarget;
			buildConfigurationList = 3D1F90051FF21F5700930AAD /* Build configuration list for PBXNativeTarget "Movse" */;
			buildPhases = (
				0144E46A2969DF4F62A7B214 /* [CP] Check Pods Manifest.lock */,
				3D1F8FF01FF21F5700930AAD /* Sources */,
				3D1F8FF11FF21F5700930AAD /* Frameworks */,
				3D1F8FF21FF21F5700930AAD /* Resources */,
				A21330239E525F198B8955FB /* [CP] Embed Pods Frameworks */,
				0C22393614F4E9A8DDB5046E /* [CP] Copy Pods Resources */,
				3D6029C9208E16070099C924 /* CopyFiles */,
			);
			buildRules = (
			);
			dependencies = (
			);
			name = Movse;
			productName = Movse;
			productReference = 3D1F8FF41FF21F5700930AAD /* Movse.app */;
			productType = "com.apple.product-type.application";
		};
		3D6029B7208E15930099C924 /* MovseHelper */ = {
			isa = PBXNativeTarget;
			buildConfigurationList = 3D6029C8208E15930099C924 /* Build configuration list for PBXNativeTarget "MovseHelper" */;
			buildPhases = (
				3D6029B4208E15930099C924 /* Sources */,
				3D6029B5208E15930099C924 /* Frameworks */,
				3D6029B6208E15930099C924 /* Resources */,
			);
			buildRules = (
			);
			dependencies = (
			);
			name = MovseHelper;
			productName = MovseHelper;
			productReference = 3D6029B8208E15930099C924 /* MovseHelper.app */;
			productType = "com.apple.product-type.application";
		};
/* End PBXNativeTarget section */

/* Begin PBXProject section */
		3D1F8FEC1FF21F5700930AAD /* Project object */ = {
			isa = PBXProject;
			attributes = {
				CLASSPREFIX = MVS;
				LastUpgradeCheck = 0920;
				ORGANIZATIONNAME = lazyfabric;
				TargetAttributes = {
					3D1F8FF31FF21F5700930AAD = {
						CreatedOnToolsVersion = 9.2;
						ProvisioningStyle = Automatic;
						SystemCapabilities = {
							com.apple.Sandbox = {
								enabled = 1;
							};
						};
					};
					3D6029B7208E15930099C924 = {
						CreatedOnToolsVersion = 9.2;
						ProvisioningStyle = Automatic;
					};
				};
			};
			buildConfigurationList = 3D1F8FEF1FF21F5700930AAD /* Build configuration list for PBXProject "Movse" */;
			compatibilityVersion = "Xcode 8.0";
			developmentRegion = en;
			hasScannedForEncodings = 0;
			knownRegions = (
				en,
				Base,
			);
			mainGroup = 3D1F8FEB1FF21F5700930AAD;
			productRefGroup = 3D1F8FF51FF21F5700930AAD /* Products */;
			projectDirPath = "";
			projectRoot = "";
			targets = (
				3D1F8FF31FF21F5700930AAD /* Movse */,
				3D6029B7208E15930099C924 /* MovseHelper */,
			);
		};
/* End PBXProject section */

/* Begin PBXResourcesBuildPhase section */
		3D1F8FF21FF21F5700930AAD /* Resources */ = {
			isa = PBXResourcesBuildPhase;
			buildActionMask = 2147483647;
			files = (
				3DF157312021C2940086BD82 /* Preferences.xib in Resources */,
				3D1F8FFB1FF21F5700930AAD /* Assets.xcassets in Resources */,
				3D7561012064DAF30032C077 /* LICENSE in Resources */,
				3DF157372021EF9B0086BD82 /* MainMenu.xib in Resources */,
			);
			runOnlyForDeploymentPostprocessing = 0;
		};
		3D6029B6208E15930099C924 /* Resources */ = {
			isa = PBXResourcesBuildPhase;
			buildActionMask = 2147483647;
			files = (
				3D6029BE208E15930099C924 /* Assets.xcassets in Resources */,
				3D6029C1208E15930099C924 /* MainMenu.xib in Resources */,
			);
			runOnlyForDeploymentPostprocessing = 0;
		};
/* End PBXResourcesBuildPhase section */

/* Begin PBXShellScriptBuildPhase section */
		0144E46A2969DF4F62A7B214 /* [CP] Check Pods Manifest.lock */ = {
			isa = PBXShellScriptBuildPhase;
			buildActionMask = 2147483647;
			files = (
			);
			inputPaths = (
				"${PODS_PODFILE_DIR_PATH}/Podfile.lock",
				"${PODS_ROOT}/Manifest.lock",
			);
			name = "[CP] Check Pods Manifest.lock";
			outputPaths = (
				"$(DERIVED_FILE_DIR)/Pods-Movse-checkManifestLockResult.txt",
			);
			runOnlyForDeploymentPostprocessing = 0;
			shellPath = /bin/sh;
			shellScript = "diff \"${PODS_PODFILE_DIR_PATH}/Podfile.lock\" \"${PODS_ROOT}/Manifest.lock\" > /dev/null\nif [ $? != 0 ] ; then\n    # print error to STDERR\n    echo \"error: The sandbox is not in sync with the Podfile.lock. Run 'pod install' or update your CocoaPods installation.\" >&2\n    exit 1\nfi\n# This output is used by Xcode 'outputs' to avoid re-running this script phase.\necho \"SUCCESS\" > \"${SCRIPT_OUTPUT_FILE_0}\"\n";
			showEnvVarsInLog = 0;
		};
		0C22393614F4E9A8DDB5046E /* [CP] Copy Pods Resources */ = {
			isa = PBXShellScriptBuildPhase;
			buildActionMask = 2147483647;
			files = (
			);
			inputPaths = (
				"${SRCROOT}/Pods/Target Support Files/Pods-Movse/Pods-Movse-resources.sh",
				$PODS_CONFIGURATION_BUILD_DIR/MASShortcut/MASShortcut.bundle,
			);
			name = "[CP] Copy Pods Resources";
			outputPaths = (
				"${TARGET_BUILD_DIR}/${UNLOCALIZED_RESOURCES_FOLDER_PATH}",
			);
			runOnlyForDeploymentPostprocessing = 0;
			shellPath = /bin/sh;
			shellScript = "\"${SRCROOT}/Pods/Target Support Files/Pods-Movse/Pods-Movse-resources.sh\"\n";
			showEnvVarsInLog = 0;
		};
		A21330239E525F198B8955FB /* [CP] Embed Pods Frameworks */ = {
			isa = PBXShellScriptBuildPhase;
			buildActionMask = 2147483647;
			files = (
			);
			inputPaths = (
				"${SRCROOT}/Pods/Target Support Files/Pods-Movse/Pods-Movse-frameworks.sh",
				"${BUILT_PRODUCTS_DIR}/MASShortcut/MASShortcut.framework",
			);
			name = "[CP] Embed Pods Frameworks";
			outputPaths = (
				"${TARGET_BUILD_DIR}/${FRAMEWORKS_FOLDER_PATH}/MASShortcut.framework",
			);
			runOnlyForDeploymentPostprocessing = 0;
			shellPath = /bin/sh;
			shellScript = "\"${SRCROOT}/Pods/Target Support Files/Pods-Movse/Pods-Movse-frameworks.sh\"\n";
			showEnvVarsInLog = 0;
		};
/* End PBXShellScriptBuildPhase section */

/* Begin PBXSourcesBuildPhase section */
		3D1F8FF01FF21F5700930AAD /* Sources */ = {
			isa = PBXSourcesBuildPhase;
			buildActionMask = 2147483647;
			files = (
				3DF6DD92206286BE002CE8D9 /* MVSMouseCatcherView.m in Sources */,
				3DF1572F2021BAAF0086BD82 /* PreferenceController.m in Sources */,
				3D977D27202403E00001E0BF /* DisplayArrangementView.m in Sources */,
				3D59CF7A20413FA100BBE102 /* MVSDisplayState.m in Sources */,
				3DF6DD892062709E002CE8D9 /* MVSCenter.m in Sources */,
				3DF1572720216CFB0086BD82 /* StatusBarController.m in Sources */,
				3D1F90011FF21F5700930AAD /* main.m in Sources */,
				3D1F8FF91FF21F5700930AAD /* AppDelegate.m in Sources */,
				3DD8558020316C9A00D44DFF /* Constants.m in Sources */,
				3D7560FF20628DE90032C077 /* NSView+DrawString.m in Sources */,
				3DF6DD762061E907002CE8D9 /* MVSDrawingWindow.m in Sources */,
			);
			runOnlyForDeploymentPostprocessing = 0;
		};
		3D6029B4208E15930099C924 /* Sources */ = {
			isa = PBXSourcesBuildPhase;
			buildActionMask = 2147483647;
			files = (
				3D6029C4208E15930099C924 /* main.m in Sources */,
				3D6029BC208E15930099C924 /* AppDelegate.m in Sources */,
			);
			runOnlyForDeploymentPostprocessing = 0;
		};
/* End PBXSourcesBuildPhase section */

/* Begin PBXVariantGroup section */
		3D6029BF208E15930099C924 /* MainMenu.xib */ = {
			isa = PBXVariantGroup;
			children = (
				3D6029C0208E15930099C924 /* Base */,
			);
			name = MainMenu.xib;
			sourceTree = "<group>";
		};
		3DF157352021EF9B0086BD82 /* MainMenu.xib */ = {
			isa = PBXVariantGroup;
			children = (
				3DF157362021EF9B0086BD82 /* Base */,
			);
			name = MainMenu.xib;
			sourceTree = "<group>";
		};
/* End PBXVariantGroup section */

/* Begin XCBuildConfiguration section */
		3D1F90031FF21F5700930AAD /* Debug */ = {
			isa = XCBuildConfiguration;
			buildSettings = {
				ALWAYS_SEARCH_USER_PATHS = NO;
				CLANG_ANALYZER_NONNULL = YES;
				CLANG_ANALYZER_NUMBER_OBJECT_CONVERSION = YES_AGGRESSIVE;
				CLANG_CXX_LANGUAGE_STANDARD = "gnu++14";
				CLANG_CXX_LIBRARY = "libc++";
				CLANG_ENABLE_MODULES = YES;
				CLANG_ENABLE_OBJC_ARC = YES;
				CLANG_WARN_BLOCK_CAPTURE_AUTORELEASING = YES;
				CLANG_WARN_BOOL_CONVERSION = YES;
				CLANG_WARN_COMMA = YES;
				CLANG_WARN_CONSTANT_CONVERSION = YES;
				CLANG_WARN_DIRECT_OBJC_ISA_USAGE = YES_ERROR;
				CLANG_WARN_DOCUMENTATION_COMMENTS = YES;
				CLANG_WARN_EMPTY_BODY = YES;
				CLANG_WARN_ENUM_CONVERSION = YES;
				CLANG_WARN_INFINITE_RECURSION = YES;
				CLANG_WARN_INT_CONVERSION = YES;
				CLANG_WARN_NON_LITERAL_NULL_CONVERSION = YES;
				CLANG_WARN_OBJC_LITERAL_CONVERSION = YES;
				CLANG_WARN_OBJC_ROOT_CLASS = YES_ERROR;
				CLANG_WARN_RANGE_LOOP_ANALYSIS = YES;
				CLANG_WARN_STRICT_PROTOTYPES = YES;
				CLANG_WARN_SUSPICIOUS_MOVE = YES;
				CLANG_WARN_UNGUARDED_AVAILABILITY = YES_AGGRESSIVE;
				CLANG_WARN_UNREACHABLE_CODE = YES;
				CLANG_WARN__DUPLICATE_METHOD_MATCH = YES;
				CODE_SIGN_IDENTITY = "-";
				COPY_PHASE_STRIP = NO;
				DEBUG_INFORMATION_FORMAT = dwarf;
				ENABLE_STRICT_OBJC_MSGSEND = YES;
				ENABLE_TESTABILITY = YES;
				GCC_C_LANGUAGE_STANDARD = gnu11;
				GCC_DYNAMIC_NO_PIC = NO;
				GCC_NO_COMMON_BLOCKS = YES;
				GCC_OPTIMIZATION_LEVEL = 0;
				GCC_PRECOMPILE_PREFIX_HEADER = YES;
				GCC_PREFIX_HEADER = "$(PROJECT_DIR)/Movse/Resource/Movse-Prefix.pch";
				GCC_PREPROCESSOR_DEFINITIONS = (
					"DEBUG=1",
					"$(inherited)",
				);
				GCC_WARN_64_TO_32_BIT_CONVERSION = YES;
				GCC_WARN_ABOUT_RETURN_TYPE = YES_ERROR;
				GCC_WARN_UNDECLARED_SELECTOR = YES;
				GCC_WARN_UNINITIALIZED_AUTOS = YES_AGGRESSIVE;
				GCC_WARN_UNUSED_FUNCTION = YES;
				GCC_WARN_UNUSED_VARIABLE = YES;
				INFOPLIST_FILE = "";
				MACOSX_DEPLOYMENT_TARGET = 10.8;
				MTL_ENABLE_DEBUG_INFO = YES;
				ONLY_ACTIVE_ARCH = YES;
				SDKROOT = macosx;
			};
			name = Debug;
		};
		3D1F90041FF21F5700930AAD /* Release */ = {
			isa = XCBuildConfiguration;
			buildSettings = {
				ALWAYS_SEARCH_USER_PATHS = NO;
				CLANG_ANALYZER_NONNULL = YES;
				CLANG_ANALYZER_NUMBER_OBJECT_CONVERSION = YES_AGGRESSIVE;
				CLANG_CXX_LANGUAGE_STANDARD = "gnu++14";
				CLANG_CXX_LIBRARY = "libc++";
				CLANG_ENABLE_MODULES = YES;
				CLANG_ENABLE_OBJC_ARC = YES;
				CLANG_WARN_BLOCK_CAPTURE_AUTORELEASING = YES;
				CLANG_WARN_BOOL_CONVERSION = YES;
				CLANG_WARN_COMMA = YES;
				CLANG_WARN_CONSTANT_CONVERSION = YES;
				CLANG_WARN_DIRECT_OBJC_ISA_USAGE = YES_ERROR;
				CLANG_WARN_DOCUMENTATION_COMMENTS = YES;
				CLANG_WARN_EMPTY_BODY = YES;
				CLANG_WARN_ENUM_CONVERSION = YES;
				CLANG_WARN_INFINITE_RECURSION = YES;
				CLANG_WARN_INT_CONVERSION = YES;
				CLANG_WARN_NON_LITERAL_NULL_CONVERSION = YES;
				CLANG_WARN_OBJC_LITERAL_CONVERSION = YES;
				CLANG_WARN_OBJC_ROOT_CLASS = YES_ERROR;
				CLANG_WARN_RANGE_LOOP_ANALYSIS = YES;
				CLANG_WARN_STRICT_PROTOTYPES = YES;
				CLANG_WARN_SUSPICIOUS_MOVE = YES;
				CLANG_WARN_UNGUARDED_AVAILABILITY = YES_AGGRESSIVE;
				CLANG_WARN_UNREACHABLE_CODE = YES;
				CLANG_WARN__DUPLICATE_METHOD_MATCH = YES;
				CODE_SIGN_IDENTITY = "-";
				COPY_PHASE_STRIP = NO;
				DEBUG_INFORMATION_FORMAT = "dwarf-with-dsym";
				ENABLE_NS_ASSERTIONS = NO;
				ENABLE_STRICT_OBJC_MSGSEND = YES;
				GCC_C_LANGUAGE_STANDARD = gnu11;
				GCC_NO_COMMON_BLOCKS = YES;
				GCC_PRECOMPILE_PREFIX_HEADER = YES;
				GCC_PREFIX_HEADER = "$(PROJECT_DIR)/Movse/Resource/Movse-Prefix.pch";
				GCC_WARN_64_TO_32_BIT_CONVERSION = YES;
				GCC_WARN_ABOUT_RETURN_TYPE = YES_ERROR;
				GCC_WARN_UNDECLARED_SELECTOR = YES;
				GCC_WARN_UNINITIALIZED_AUTOS = YES_AGGRESSIVE;
				GCC_WARN_UNUSED_FUNCTION = YES;
				GCC_WARN_UNUSED_VARIABLE = YES;
				INFOPLIST_FILE = "";
				MACOSX_DEPLOYMENT_TARGET = 10.8;
				MTL_ENABLE_DEBUG_INFO = NO;
				SDKROOT = macosx;
			};
			name = Release;
		};
		3D1F90061FF21F5700930AAD /* Debug */ = {
			isa = XCBuildConfiguration;
			baseConfigurationReference = 2B5E48DB78E3BE99523F0A37 /* Pods-Movse.debug.xcconfig */;
			buildSettings = {
				ASSETCATALOG_COMPILER_APPICON_NAME = AppIcon;
				CODE_SIGN_ENTITLEMENTS = Movse/Movse.entitlements;
				CODE_SIGN_IDENTITY = "Mac Developer";
				CODE_SIGN_STYLE = Automatic;
				COMBINE_HIDPI_IMAGES = YES;
				DEVELOPMENT_TEAM = KDHX25W66C;
				INFOPLIST_FILE = "$(PROJECT_DIR)/Movse/Resource/Info.plist";
				LD_RUNPATH_SEARCH_PATHS = "$(inherited) @executable_path/../Frameworks";
				MACOSX_DEPLOYMENT_TARGET = 10.8;
				PRODUCT_BUNDLE_IDENTIFIER = com.lazyfabric.Movse;
				PRODUCT_NAME = "$(TARGET_NAME)";
				PROVISIONING_PROFILE_SPECIFIER = "";
			};
			name = Debug;
		};
		3D1F90071FF21F5700930AAD /* Release */ = {
			isa = XCBuildConfiguration;
			baseConfigurationReference = 41E74CA8FE23564649FEBA44 /* Pods-Movse.release.xcconfig */;
			buildSettings = {
				ASSETCATALOG_COMPILER_APPICON_NAME = AppIcon;
				CODE_SIGN_ENTITLEMENTS = Movse/Movse.entitlements;
				CODE_SIGN_IDENTITY = "Mac Developer";
				CODE_SIGN_STYLE = Automatic;
				COMBINE_HIDPI_IMAGES = YES;
				DEVELOPMENT_TEAM = KDHX25W66C;
				INFOPLIST_FILE = "$(PROJECT_DIR)/Movse/Resource/Info.plist";
				LD_RUNPATH_SEARCH_PATHS = "$(inherited) @executable_path/../Frameworks";
				MACOSX_DEPLOYMENT_TARGET = 10.8;
				PRODUCT_BUNDLE_IDENTIFIER = com.lazyfabric.Movse;
				PRODUCT_NAME = "$(TARGET_NAME)";
				PROVISIONING_PROFILE_SPECIFIER = "";
			};
			name = Release;
		};
		3D6029C6208E15930099C924 /* Debug */ = {
			isa = XCBuildConfiguration;
			buildSettings = {
				ASSETCATALOG_COMPILER_APPICON_NAME = AppIcon;
				CODE_SIGN_ENTITLEMENTS = MovseHelper/MovseHelper.entitlements;
				CODE_SIGN_IDENTITY = "Mac Developer";
				CODE_SIGN_STYLE = Automatic;
				COMBINE_HIDPI_IMAGES = YES;
				DEVELOPMENT_TEAM = KDHX25W66C;
				INFOPLIST_FILE = MovseHelper/Info.plist;
				LD_RUNPATH_SEARCH_PATHS = "$(inherited) @executable_path/../Frameworks";
				MACOSX_DEPLOYMENT_TARGET = 10.8;
				PRODUCT_BUNDLE_IDENTIFIER = com.lazyfabric.MovseHelper;
				PRODUCT_NAME = "$(TARGET_NAME)";
				PROVISIONING_PROFILE_SPECIFIER = "";
				SKIP_INSTALL = YES;
			};
			name = Debug;
		};
		3D6029C7208E15930099C924 /* Release */ = {
			isa = XCBuildConfiguration;
			buildSettings = {
				ASSETCATALOG_COMPILER_APPICON_NAME = AppIcon;
				CODE_SIGN_ENTITLEMENTS = MovseHelper/MovseHelper.entitlements;
				CODE_SIGN_IDENTITY = "Mac Developer";
				CODE_SIGN_STYLE = Automatic;
				COMBINE_HIDPI_IMAGES = YES;
				DEVELOPMENT_TEAM = KDHX25W66C;
				INFOPLIST_FILE = MovseHelper/Info.plist;
				LD_RUNPATH_SEARCH_PATHS = "$(inherited) @executable_path/../Frameworks";
				MACOSX_DEPLOYMENT_TARGET = 10.8;
				PRODUCT_BUNDLE_IDENTIFIER = com.lazyfabric.MovseHelper;
				PRODUCT_NAME = "$(TARGET_NAME)";
				PROVISIONING_PROFILE_SPECIFIER = "";
				SKIP_INSTALL = YES;
			};
			name = Release;
		};
/* End XCBuildConfiguration section */

/* Begin XCConfigurationList section */
		3D1F8FEF1FF21F5700930AAD /* Build configuration list for PBXProject "Movse" */ = {
			isa = XCConfigurationList;
			buildConfigurations = (
				3D1F90031FF21F5700930AAD /* Debug */,
				3D1F90041FF21F5700930AAD /* Release */,
			);
			defaultConfigurationIsVisible = 0;
			defaultConfigurationName = Release;
		};
		3D1F90051FF21F5700930AAD /* Build configuration list for PBXNativeTarget "Movse" */ = {
			isa = XCConfigurationList;
			buildConfigurations = (
				3D1F90061FF21F5700930AAD /* Debug */,
				3D1F90071FF21F5700930AAD /* Release */,
			);
			defaultConfigurationIsVisible = 0;
			defaultConfigurationName = Release;
		};
		3D6029C8208E15930099C924 /* Build configuration list for PBXNativeTarget "MovseHelper" */ = {
			isa = XCConfigurationList;
			buildConfigurations = (
				3D6029C6208E15930099C924 /* Debug */,
				3D6029C7208E15930099C924 /* Release */,
			);
			defaultConfigurationIsVisible = 0;
			defaultConfigurationName = Release;
		};
/* End XCConfigurationList section */
	};
	rootObject = 3D1F8FEC1FF21F5700930AAD /* Project object */;
}
